{
  "name": "hpv-viz",
  "version": "0.0.1",
  "lockfileVersion": 1,
  "requires": true,
  "dependencies": {
    "lodash": {
      "version": "4.17.21",
      "resolved": "https://registry.npmjs.org/lodash/-/lodash-4.17.21.tgz",
      "integrity": "sha512-v2kDEe57lecTulaDIuNTPy3Ry4gLGJ6Z1O3vE1krgXZNrsQ+LFTGHVxVjcXPs17LhbZVGedAJv8XZ1tvj5FvSg=="
    },
    "moment": {
      "version": "2.25.1",
      "resolved": "https://registry.npmjs.org/moment/-/moment-2.25.1.tgz",
      "integrity": "sha512-nRKMf9wDS4Fkyd0C9LXh2FFXinD+iwbJ5p/lh3CHitW9kZbRbJ8hCruiadiIXZVbeAqKZzqcTvHnK3mRhFjb6w=="
    },
    "variant-call-format-parser": {
      "version": "1.0.2",
      "resolved": "https://registry.npmjs.org/variant-call-format-parser/-/variant-call-format-parser-1.0.2.tgz",
      "integrity": "sha512-+Zv1QYArAG4zVNc4TeRdibc/Vz/VaGEJhB3BGSwLUixZiZelkQ8VbUHSCYURP7ZVyE1jY/ycRBQl0KBtfHcE0g==",
      "requires": {
        "moment": "^2.25.1"
      }
    }
  }
}
