{
  "name": "hpv-viz",
  "version": "0.0.1",
  "lockfileVersion": 1,
  "requires": true,
  "dependencies": {
    "lodash": {
      "version": "4.17.15",
      "resolved": "https://registry.npmjs.org/lodash/-/lodash-4.17.15.tgz",
      "integrity": "sha512-8xOcRHvCjnocdS5cpwXQXVzmmh5e5+saE2QGoeQmbKmRS6J3VQppPOIt0MnmE+4xlZoumy0GPG0D0MVIQbNA1A=="
    },
    "moment": {
      "version": "2.24.0",
      "resolved": "https://registry.npmjs.org/moment/-/moment-2.24.0.tgz",
      "integrity": "sha512-bV7f+6l2QigeBBZSM/6yTNq4P2fNpSWj/0e7jQcy87A8e7o2nAfP/34/2ky5Vw4B9S446EtIhodAzkFCcR4dQg=="
    },
    "variant-call-format-parser": {
      "version": "1.0.1",
      "resolved": "https://registry.npmjs.org/variant-call-format-parser/-/variant-call-format-parser-1.0.1.tgz",
      "integrity": "sha512-+7Nq9SZY+JlaOS20EzaU7lYl7m8Wx3ffVxTvw4CytS1U1SfRiyWYMn6EZnuLLyFQq8aMRZb1E2AiU417mAoDwQ==",
      "requires": {
        "moment": "^2.24.0"
      }
    }
  }
}
